// !$*UTF8*$!
{
	archiveVersion = 1;
	classes = {
	};
	objectVersion = 56;
	objects = {

/* Begin PBXBuildFile section */
		55CEE33A2BF384FD0020B66E /* AppDelegate.swift in Sources */ = {isa = PBXBuildFile; fileRef = 55CEE3392BF384FD0020B66E /* AppDelegate.swift */; };
		55CEE33C2BF384FD0020B66E /* SceneDelegate.swift in Sources */ = {isa = PBXBuildFile; fileRef = 55CEE33B2BF384FD0020B66E /* SceneDelegate.swift */; };
		55CEE33E2BF384FD0020B66E /* ViewController.swift in Sources */ = {isa = PBXBuildFile; fileRef = 55CEE33D2BF384FD0020B66E /* ViewController.swift */; };
		55CEE3432BF384FE0020B66E /* Assets.xcassets in Resources */ = {isa = PBXBuildFile; fileRef = 55CEE3422BF384FE0020B66E /* Assets.xcassets */; };
		55CEE3462BF384FE0020B66E /* LaunchScreen.storyboard in Resources */ = {isa = PBXBuildFile; fileRef = 55CEE3442BF384FE0020B66E /* LaunchScreen.storyboard */; };
		55CEE36A2BF385180020B66E /* ViewController.xib in Resources */ = {isa = PBXBuildFile; fileRef = 55CEE3692BF385180020B66E /* ViewController.xib */; };
		55CEE36C2BF385EE0020B66E /* FluentInterface.swift in Sources */ = {isa = PBXBuildFile; fileRef = 55CEE36B2BF385ED0020B66E /* FluentInterface.swift */; };
		55CEE3702BF38A120020B66E /* PageViewController.swift in Sources */ = {isa = PBXBuildFile; fileRef = 55CEE36E2BF38A120020B66E /* PageViewController.swift */; };
		55CEE3742BF38C830020B66E /* RandomColorViewController.swift in Sources */ = {isa = PBXBuildFile; fileRef = 55CEE3722BF38C830020B66E /* RandomColorViewController.swift */; };
		55CEE3752BF38C830020B66E /* RandomColorViewController.xib in Resources */ = {isa = PBXBuildFile; fileRef = 55CEE3732BF38C830020B66E /* RandomColorViewController.xib */; };
		55CEE3782BF38CFE0020B66E /* SwiftExtensions.xcframework in Frameworks */ = {isa = PBXBuildFile; fileRef = 55CEE3772BF38CFE0020B66E /* SwiftExtensions.xcframework */; };
		55CEE3792BF38CFE0020B66E /* SwiftExtensions.xcframework in Embed Frameworks */ = {isa = PBXBuildFile; fileRef = 55CEE3772BF38CFE0020B66E /* SwiftExtensions.xcframework */; settings = {ATTRIBUTES = (CodeSignOnCopy, RemoveHeadersOnCopy, ); }; };
/* End PBXBuildFile section */

/* Begin PBXCopyFilesBuildPhase section */
		55CEE37A2BF38CFE0020B66E /* Embed Frameworks */ = {
			isa = PBXCopyFilesBuildPhase;
			buildActionMask = 2147483647;
			dstPath = "";
			dstSubfolderSpec = 10;
			files = (
				55CEE3792BF38CFE0020B66E /* SwiftExtensions.xcframework in Embed Frameworks */,
			);
			name = "Embed Frameworks";
			runOnlyForDeploymentPostprocessing = 0;
		};
/* End PBXCopyFilesBuildPhase section */

/* Begin PBXFileReference section */
		55CEE3362BF384FD0020B66E /* ChildViewControllerDemo.app */ = {isa = PBXFileReference; explicitFileType = wrapper.application; includeInIndex = 0; path = ChildViewControllerDemo.app; sourceTree = BUILT_PRODUCTS_DIR; };
		55CEE3392BF384FD0020B66E /* AppDelegate.swift */ = {isa = PBXFileReference; lastKnownFileType = sourcecode.swift; path = AppDelegate.swift; sourceTree = "<group>"; };
		55CEE33B2BF384FD0020B66E /* SceneDelegate.swift */ = {isa = PBXFileReference; lastKnownFileType = sourcecode.swift; path = SceneDelegate.swift; sourceTree = "<group>"; };
		55CEE33D2BF384FD0020B66E /* ViewController.swift */ = {isa = PBXFileReference; lastKnownFileType = sourcecode.swift; path = ViewController.swift; sourceTree = "<group>"; };
		55CEE3422BF384FE0020B66E /* Assets.xcassets */ = {isa = PBXFileReference; lastKnownFileType = folder.assetcatalog; path = Assets.xcassets; sourceTree = "<group>"; };
		55CEE3452BF384FE0020B66E /* Base */ = {isa = PBXFileReference; lastKnownFileType = file.storyboard; name = Base; path = Base.lproj/LaunchScreen.storyboard; sourceTree = "<group>"; };
		55CEE3472BF384FE0020B66E /* Info.plist */ = {isa = PBXFileReference; lastKnownFileType = text.plist.xml; path = Info.plist; sourceTree = "<group>"; };
		55CEE3692BF385180020B66E /* ViewController.xib */ = {isa = PBXFileReference; lastKnownFileType = file.xib; path = ViewController.xib; sourceTree = "<group>"; };
		55CEE36B2BF385ED0020B66E /* FluentInterface.swift */ = {isa = PBXFileReference; fileEncoding = 4; lastKnownFileType = sourcecode.swift; path = FluentInterface.swift; sourceTree = "<group>"; };
		55CEE36E2BF38A120020B66E /* PageViewController.swift */ = {isa = PBXFileReference; lastKnownFileType = sourcecode.swift; path = PageViewController.swift; sourceTree = "<group>"; };
		55CEE3722BF38C830020B66E /* RandomColorViewController.swift */ = {isa = PBXFileReference; lastKnownFileType = sourcecode.swift; path = RandomColorViewController.swift; sourceTree = "<group>"; };
		55CEE3732BF38C830020B66E /* RandomColorViewController.xib */ = {isa = PBXFileReference; lastKnownFileType = file.xib; path = RandomColorViewController.xib; sourceTree = "<group>"; };
		55CEE3772BF38CFE0020B66E /* SwiftExtensions.xcframework */ = {isa = PBXFileReference; lastKnownFileType = wrapper.xcframework; name = SwiftExtensions.xcframework; path = Framework/SwiftExtensions.xcframework; sourceTree = "<group>"; };
/* End PBXFileReference section */

/* Begin PBXFrameworksBuildPhase section */
		55CEE3332BF384FD0020B66E /* Frameworks */ = {
			isa = PBXFrameworksBuildPhase;
			buildActionMask = 2147483647;
			files = (
				55CEE3782BF38CFE0020B66E /* SwiftExtensions.xcframework in Frameworks */,
			);
			runOnlyForDeploymentPostprocessing = 0;
		};
/* End PBXFrameworksBuildPhase section */

/* Begin PBXGroup section */
		55CEE32D2BF384FD0020B66E = {
			isa = PBXGroup;
			children = (
				55CEE3382BF384FD0020B66E /* ChildViewControllerDemo */,
				55CEE3372BF384FD0020B66E /* Products */,
				55CEE3762BF38CFE0020B66E /* Frameworks */,
			);
			sourceTree = "<group>";
		};
		55CEE3372BF384FD0020B66E /* Products */ = {
			isa = PBXGroup;
			children = (
				55CEE3362BF384FD0020B66E /* ChildViewControllerDemo.app */,
			);
			name = Products;
			sourceTree = "<group>";
		};
		55CEE3382BF384FD0020B66E /* ChildViewControllerDemo */ = {
			isa = PBXGroup;
			children = (
				55CEE36D2BF385F70020B66E /* Model */,
				55CEE3392BF384FD0020B66E /* AppDelegate.swift */,
				55CEE33B2BF384FD0020B66E /* SceneDelegate.swift */,
				55CEE33D2BF384FD0020B66E /* ViewController.swift */,
				55CEE3692BF385180020B66E /* ViewController.xib */,
				55CEE36E2BF38A120020B66E /* PageViewController.swift */,
				55CEE3722BF38C830020B66E /* RandomColorViewController.swift */,
				55CEE3732BF38C830020B66E /* RandomColorViewController.xib */,
				55CEE3422BF384FE0020B66E /* Assets.xcassets */,
				55CEE3442BF384FE0020B66E /* LaunchScreen.storyboard */,
				55CEE3472BF384FE0020B66E /* Info.plist */,
			);
			path = ChildViewControllerDemo;
			sourceTree = "<group>";
		};
		55CEE36D2BF385F70020B66E /* Model */ = {
			isa = PBXGroup;
			children = (
				55CEE36B2BF385ED0020B66E /* FluentInterface.swift */,
			);
			path = Model;
			sourceTree = "<group>";
		};
		55CEE3762BF38CFE0020B66E /* Frameworks */ = {
			isa = PBXGroup;
			children = (
				55CEE3772BF38CFE0020B66E /* SwiftExtensions.xcframework */,
			);
			name = Frameworks;
			sourceTree = "<group>";
		};
/* End PBXGroup section */

/* Begin PBXNativeTarget section */
		55CEE3352BF384FD0020B66E /* ChildViewControllerDemo */ = {
			isa = PBXNativeTarget;
			buildConfigurationList = 55CEE3602BF384FE0020B66E /* Build configuration list for PBXNativeTarget "ChildViewControllerDemo" */;
			buildPhases = (
				55CEE3322BF384FD0020B66E /* Sources */,
				55CEE3332BF384FD0020B66E /* Frameworks */,
				55CEE3342BF384FD0020B66E /* Resources */,
				55CEE37A2BF38CFE0020B66E /* Embed Frameworks */,
			);
			buildRules = (
			);
			dependencies = (
			);
			name = ChildViewControllerDemo;
			productName = ChildViewControllerDemo;
			productReference = 55CEE3362BF384FD0020B66E /* ChildViewControllerDemo.app */;
			productType = "com.apple.product-type.application";
		};
/* End PBXNativeTarget section */

/* Begin PBXProject section */
		55CEE32E2BF384FD0020B66E /* Project object */ = {
			isa = PBXProject;
			attributes = {
				BuildIndependentTargetsInParallel = 1;
				LastSwiftUpdateCheck = 1520;
				LastUpgradeCheck = 1520;
				TargetAttributes = {
					55CEE3352BF384FD0020B66E = {
						CreatedOnToolsVersion = 15.2;
					};
				};
			};
			buildConfigurationList = 55CEE3312BF384FD0020B66E /* Build configuration list for PBXProject "ChildViewControllerDemo" */;
			compatibilityVersion = "Xcode 14.0";
			developmentRegion = en;
			hasScannedForEncodings = 0;
			knownRegions = (
				en,
				Base,
			);
			mainGroup = 55CEE32D2BF384FD0020B66E;
			productRefGroup = 55CEE3372BF384FD0020B66E /* Products */;
			projectDirPath = "";
			projectRoot = "";
			targets = (
				55CEE3352BF384FD0020B66E /* ChildViewControllerDemo */,
			);
		};
/* End PBXProject section */

/* Begin PBXResourcesBuildPhase section */
		55CEE3342BF384FD0020B66E /* Resources */ = {
			isa = PBXResourcesBuildPhase;
			buildActionMask = 2147483647;
			files = (
				55CEE3462BF384FE0020B66E /* LaunchScreen.storyboard in Resources */,
				55CEE3752BF38C830020B66E /* RandomColorViewController.xib in Resources */,
				55CEE3432BF384FE0020B66E /* Assets.xcassets in Resources */,
				55CEE36A2BF385180020B66E /* ViewController.xib in Resources */,
			);
			runOnlyForDeploymentPostprocessing = 0;
		};
/* End PBXResourcesBuildPhase section */

/* Begin PBXSourcesBuildPhase section */
		55CEE3322BF384FD0020B66E /* Sources */ = {
			isa = PBXSourcesBuildPhase;
			buildActionMask = 2147483647;
			files = (
				55CEE33E2BF384FD0020B66E /* ViewController.swift in Sources */,
				55CEE3742BF38C830020B66E /* RandomColorViewController.swift in Sources */,
				55CEE3702BF38A120020B66E /* PageViewController.swift in Sources */,
				55CEE33A2BF384FD0020B66E /* AppDelegate.swift in Sources */,
				55CEE33C2BF384FD0020B66E /* SceneDelegate.swift in Sources */,
				55CEE36C2BF385EE0020B66E /* FluentInterface.swift in Sources */,
			);
			runOnlyForDeploymentPostprocessing = 0;
		};
/* End PBXSourcesBuildPhase section */

/* Begin PBXVariantGroup section */
		55CEE3442BF384FE0020B66E /* LaunchScreen.storyboard */ = {
			isa = PBXVariantGroup;
			children = (
				55CEE3452BF384FE0020B66E /* Base */,
			);
			name = LaunchScreen.storyboard;
			sourceTree = "<group>";
		};
/* End PBXVariantGroup section */

/* Begin XCBuildConfiguration section */
		55CEE35E2BF384FE0020B66E /* Debug */ = {
			isa = XCBuildConfiguration;
			buildSettings = {
				ALWAYS_SEARCH_USER_PATHS = NO;
				ASSETCATALOG_COMPILER_GENERATE_SWIFT_ASSET_SYMBOL_EXTENSIONS = YES;
				CLANG_ANALYZER_NONNULL = YES;
				CLANG_ANALYZER_NUMBER_OBJECT_CONVERSION = YES_AGGRESSIVE;
				CLANG_CXX_LANGUAGE_STANDARD = "gnu++20";
				CLANG_ENABLE_MODULES = YES;
				CLANG_ENABLE_OBJC_ARC = YES;
				CLANG_ENABLE_OBJC_WEAK = YES;
				CLANG_WARN_BLOCK_CAPTURE_AUTORELEASING = YES;
				CLANG_WARN_BOOL_CONVERSION = YES;
				CLANG_WARN_COMMA = YES;
				CLANG_WARN_CONSTANT_CONVERSION = YES;
				CLANG_WARN_DEPRECATED_OBJC_IMPLEMENTATIONS = YES;
				CLANG_WARN_DIRECT_OBJC_ISA_USAGE = YES_ERROR;
				CLANG_WARN_DOCUMENTATION_COMMENTS = YES;
				CLANG_WARN_EMPTY_BODY = YES;
				CLANG_WARN_ENUM_CONVERSION = YES;
				CLANG_WARN_INFINITE_RECURSION = YES;
				CLANG_WARN_INT_CONVERSION = YES;
				CLANG_WARN_NON_LITERAL_NULL_CONVERSION = YES;
				CLANG_WARN_OBJC_IMPLICIT_RETAIN_SELF = YES;
				CLANG_WARN_OBJC_LITERAL_CONVERSION = YES;
				CLANG_WARN_OBJC_ROOT_CLASS = YES_ERROR;
				CLANG_WARN_QUOTED_INCLUDE_IN_FRAMEWORK_HEADER = YES;
				CLANG_WARN_RANGE_LOOP_ANALYSIS = YES;
				CLANG_WARN_STRICT_PROTOTYPES = YES;
				CLANG_WARN_SUSPICIOUS_MOVE = YES;
				CLANG_WARN_UNGUARDED_AVAILABILITY = YES_AGGRESSIVE;
				CLANG_WARN_UNREACHABLE_CODE = YES;
				CLANG_WARN__DUPLICATE_METHOD_MATCH = YES;
				COPY_PHASE_STRIP = NO;
				DEBUG_INFORMATION_FORMAT = dwarf;
				ENABLE_STRICT_OBJC_MSGSEND = YES;
				ENABLE_TESTABILITY = YES;
				ENABLE_USER_SCRIPT_SANDBOXING = YES;
				GCC_C_LANGUAGE_STANDARD = gnu17;
				GCC_DYNAMIC_NO_PIC = NO;
				GCC_NO_COMMON_BLOCKS = YES;
				GCC_OPTIMIZATION_LEVEL = 0;
				GCC_PREPROCESSOR_DEFINITIONS = (
					"DEBUG=1",
					"$(inherited)",
				);
				GCC_WARN_64_TO_32_BIT_CONVERSION = YES;
				GCC_WARN_ABOUT_RETURN_TYPE = YES_ERROR;
				GCC_WARN_UNDECLARED_SELECTOR = YES;
				GCC_WARN_UNINITIALIZED_AUTOS = YES_AGGRESSIVE;
				GCC_WARN_UNUSED_FUNCTION = YES;
				GCC_WARN_UNUSED_VARIABLE = YES;
				INFOPLIST_KEY_NSMainNibFile = "";
				IPHONEOS_DEPLOYMENT_TARGET = 17.2;
				LOCALIZATION_PREFERS_STRING_CATALOGS = YES;
				MTL_ENABLE_DEBUG_INFO = INCLUDE_SOURCE;
				MTL_FAST_MATH = YES;
				ONLY_ACTIVE_ARCH = YES;
				SDKROOT = iphoneos;
				SWIFT_ACTIVE_COMPILATION_CONDITIONS = "DEBUG $(inherited)";
				SWIFT_OPTIMIZATION_LEVEL = "-Onone";
			};
			name = Debug;
		};
		55CEE35F2BF384FE0020B66E /* Release */ = {
			isa = XCBuildConfiguration;
			buildSettings = {
				ALWAYS_SEARCH_USER_PATHS = NO;
				ASSETCATALOG_COMPILER_GENERATE_SWIFT_ASSET_SYMBOL_EXTENSIONS = YES;
				CLANG_ANALYZER_NONNULL = YES;
				CLANG_ANALYZER_NUMBER_OBJECT_CONVERSION = YES_AGGRESSIVE;
				CLANG_CXX_LANGUAGE_STANDARD = "gnu++20";
				CLANG_ENABLE_MODULES = YES;
				CLANG_ENABLE_OBJC_ARC = YES;
				CLANG_ENABLE_OBJC_WEAK = YES;
				CLANG_WARN_BLOCK_CAPTURE_AUTORELEASING = YES;
				CLANG_WARN_BOOL_CONVERSION = YES;
				CLANG_WARN_COMMA = YES;
				CLANG_WARN_CONSTANT_CONVERSION = YES;
				CLANG_WARN_DEPRECATED_OBJC_IMPLEMENTATIONS = YES;
				CLANG_WARN_DIRECT_OBJC_ISA_USAGE = YES_ERROR;
				CLANG_WARN_DOCUMENTATION_COMMENTS = YES;
				CLANG_WARN_EMPTY_BODY = YES;
				CLANG_WARN_ENUM_CONVERSION = YES;
				CLANG_WARN_INFINITE_RECURSION = YES;
				CLANG_WARN_INT_CONVERSION = YES;
				CLANG_WARN_NON_LITERAL_NULL_CONVERSION = YES;
				CLANG_WARN_OBJC_IMPLICIT_RETAIN_SELF = YES;
				CLANG_WARN_OBJC_LITERAL_CONVERSION = YES;
				CLANG_WARN_OBJC_ROOT_CLASS = YES_ERROR;
				CLANG_WARN_QUOTED_INCLUDE_IN_FRAMEWORK_HEADER = YES;
				CLANG_WARN_RANGE_LOOP_ANALYSIS = YES;
				CLANG_WARN_STRICT_PROTOTYPES = YES;
				CLANG_WARN_SUSPICIOUS_MOVE = YES;
				CLANG_WARN_UNGUARDED_AVAILABILITY = YES_AGGRESSIVE;
				CLANG_WARN_UNREACHABLE_CODE = YES;
				CLANG_WARN__DUPLICATE_METHOD_MATCH = YES;
				COPY_PHASE_STRIP = NO;
				DEBUG_INFORMATION_FORMAT = "dwarf-with-dsym";
				ENABLE_NS_ASSERTIONS = NO;
				ENABLE_STRICT_OBJC_MSGSEND = YES;
				ENABLE_USER_SCRIPT_SANDBOXING = YES;
				GCC_C_LANGUAGE_STANDARD = gnu17;
				GCC_NO_COMMON_BLOCKS = YES;
				GCC_WARN_64_TO_32_BIT_CONVERSION = YES;
				GCC_WARN_ABOUT_RETURN_TYPE = YES_ERROR;
				GCC_WARN_UNDECLARED_SELECTOR = YES;
				GCC_WARN_UNINITIALIZED_AUTOS = YES_AGGRESSIVE;
				GCC_WARN_UNUSED_FUNCTION = YES;
				GCC_WARN_UNUSED_VARIABLE = YES;
				INFOPLIST_KEY_NSMainNibFile = "";
				IPHONEOS_DEPLOYMENT_TARGET = 17.2;
				LOCALIZATION_PREFERS_STRING_CATALOGS = YES;
				MTL_ENABLE_DEBUG_INFO = NO;
				MTL_FAST_MATH = YES;
				SDKROOT = iphoneos;
				SWIFT_COMPILATION_MODE = wholemodule;
				VALIDATE_PRODUCT = YES;
			};
			name = Release;
		};
		55CEE3612BF384FE0020B66E /* Debug */ = {
			isa = XCBuildConfiguration;
			buildSettings = {
				ASSETCATALOG_COMPILER_APPICON_NAME = AppIcon;
				ASSETCATALOG_COMPILER_GLOBAL_ACCENT_COLOR_NAME = AccentColor;
				CODE_SIGN_STYLE = Automatic;
				CURRENT_PROJECT_VERSION = 1;
				GENERATE_INFOPLIST_FILE = YES;
				INFOPLIST_FILE = ChildViewControllerDemo/Info.plist;
				INFOPLIST_KEY_NSMainNibFile = "";
				INFOPLIST_KEY_UIApplicationSupportsIndirectInputEvents = YES;
				INFOPLIST_KEY_UILaunchStoryboardName = LaunchScreen.storyboard;
				INFOPLIST_KEY_UISupportedInterfaceOrientations_iPad = "UIInterfaceOrientationPortrait UIInterfaceOrientationPortraitUpsideDown UIInterfaceOrientationLandscapeLeft UIInterfaceOrientationLandscapeRight";
				INFOPLIST_KEY_UISupportedInterfaceOrientations_iPhone = "UIInterfaceOrientationPortrait UIInterfaceOrientationLandscapeLeft UIInterfaceOrientationLandscapeRight";
				IPHONEOS_DEPLOYMENT_TARGET = 15.0;
				LD_RUNPATH_SEARCH_PATHS = (
					"$(inherited)",
					"@executable_path/Frameworks",
				);
				MARKETING_VERSION = 1.0;
				PRODUCT_BUNDLE_IDENTIFIER = com.personal.ChildViewControllerDemo;
				PRODUCT_NAME = "$(TARGET_NAME)";
				SWIFT_EMIT_LOC_STRINGS = YES;
				SWIFT_VERSION = 5.0;
				TARGETED_DEVICE_FAMILY = "1,2";
			};
			name = Debug;
		};
		55CEE3622BF384FE0020B66E /* Release */ = {
			isa = XCBuildConfiguration;
			buildSettings = {
				ASSETCATALOG_COMPILER_APPICON_NAME = AppIcon;
				ASSETCATALOG_COMPILER_GLOBAL_ACCENT_COLOR_NAME = AccentColor;
				CODE_SIGN_STYLE = Automatic;
				CURRENT_PROJECT_VERSION = 1;
				GENERATE_INFOPLIST_FILE = YES;
				INFOPLIST_FILE = ChildViewControllerDemo/Info.plist;
				INFOPLIST_KEY_NSMainNibFile = "";
				INFOPLIST_KEY_UIApplicationSupportsIndirectInputEvents = YES;
				INFOPLIST_KEY_UILaunchStoryboardName = LaunchScreen.storyboard;
				INFOPLIST_KEY_UISupportedInterfaceOrientations_iPad = "UIInterfaceOrientationPortrait UIInterfaceOrientationPortraitUpsideDown UIInterfaceOrientationLandscapeLeft UIInterfaceOrientationLandscapeRight";
				INFOPLIST_KEY_UISupportedInterfaceOrientations_iPhone = "UIInterfaceOrientationPortrait UIInterfaceOrientationLandscapeLeft UIInterfaceOrientationLandscapeRight";
				IPHONEOS_DEPLOYMENT_TARGET = 15.0;
				LD_RUNPATH_SEARCH_PATHS = (
					"$(inherited)",
					"@executable_path/Frameworks",
				);
				MARKETING_VERSION = 1.0;
				PRODUCT_BUNDLE_IDENTIFIER = com.personal.ChildViewControllerDemo;
				PRODUCT_NAME = "$(TARGET_NAME)";
				SWIFT_EMIT_LOC_STRINGS = YES;
				SWIFT_VERSION = 5.0;
				TARGETED_DEVICE_FAMILY = "1,2";
			};
			name = Release;
		};
/* End XCBuildConfiguration section */

/* Begin XCConfigurationList section */
		55CEE3312BF384FD0020B66E /* Build configuration list for PBXProject "ChildViewControllerDemo" */ = {
			isa = XCConfigurationList;
			buildConfigurations = (
				55CEE35E2BF384FE0020B66E /* Debug */,
				55CEE35F2BF384FE0020B66E /* Release */,
			);
			defaultConfigurationIsVisible = 0;
			defaultConfigurationName = Release;
		};
		55CEE3602BF384FE0020B66E /* Build configuration list for PBXNativeTarget "ChildViewControllerDemo" */ = {
			isa = XCConfigurationList;
			buildConfigurations = (
				55CEE3612BF384FE0020B66E /* Debug */,
				55CEE3622BF384FE0020B66E /* Release */,
			);
			defaultConfigurationIsVisible = 0;
			defaultConfigurationName = Release;
		};
/* End XCConfigurationList section */
	};
	rootObject = 55CEE32E2BF384FD0020B66E /* Project object */;
}
