// !$*UTF8*$!
{
	archiveVersion = 1;
	classes = {
	};
	objectVersion = 56;
	objects = {

/* Begin PBXBuildFile section */
		55CEE33A2BF384FD0020B66E /* AppDelegate.swift in Sources */ = {isa = PBXBuildFile; fileRef = 55CEE3392BF384FD0020B66E /* AppDelegate.swift */; };
		55CEE33C2BF384FD0020B66E /* SceneDelegate.swift in Sources */ = {isa = PBXBuildFile; fileRef = 55CEE33B2BF384FD0020B66E /* SceneDelegate.swift */; };
		55CEE33E2BF384FD0020B66E /* ViewController.swift in Sources */ = {isa = PBXBuildFile; fileRef = 55CEE33D2BF384FD0020B66E /* ViewController.swift */; };
		55CEE3412BF384FD0020B66E /* Main.storyboard in Resources */ = {isa = PBXBuildFile; fileRef = 55CEE33F2BF384FD0020B66E /* Main.storyboard */; };
		55CEE3432BF384FE0020B66E /* Assets.xcassets in Resources */ = {isa = PBXBuildFile; fileRef = 55CEE3422BF384FE0020B66E /* Assets.xcassets */; };
		55CEE3462BF384FE0020B66E /* LaunchScreen.storyboard in Resources */ = {isa = PBXBuildFile; fileRef = 55CEE3442BF384FE0020B66E /* LaunchScreen.storyboard */; };
		55CEE3512BF384FE0020B66E /* ChildViewControllerDemoTests.swift in Sources */ = {isa = PBXBuildFile; fileRef = 55CEE3502BF384FE0020B66E /* ChildViewControllerDemoTests.swift */; };
		55CEE35B2BF384FE0020B66E /* ChildViewControllerDemoUITests.swift in Sources */ = {isa = PBXBuildFile; fileRef = 55CEE35A2BF384FE0020B66E /* ChildViewControllerDemoUITests.swift */; };
		55CEE35D2BF384FE0020B66E /* ChildViewControllerDemoUITestsLaunchTests.swift in Sources */ = {isa = PBXBuildFile; fileRef = 55CEE35C2BF384FE0020B66E /* ChildViewControllerDemoUITestsLaunchTests.swift */; };
/* End PBXBuildFile section */

/* Begin PBXContainerItemProxy section */
		55CEE34D2BF384FE0020B66E /* PBXContainerItemProxy */ = {
			isa = PBXContainerItemProxy;
			containerPortal = 55CEE32E2BF384FD0020B66E /* Project object */;
			proxyType = 1;
			remoteGlobalIDString = 55CEE3352BF384FD0020B66E;
			remoteInfo = ChildViewControllerDemo;
		};
		55CEE3572BF384FE0020B66E /* PBXContainerItemProxy */ = {
			isa = PBXContainerItemProxy;
			containerPortal = 55CEE32E2BF384FD0020B66E /* Project object */;
			proxyType = 1;
			remoteGlobalIDString = 55CEE3352BF384FD0020B66E;
			remoteInfo = ChildViewControllerDemo;
		};
/* End PBXContainerItemProxy section */

/* Begin PBXFileReference section */
		55CEE3362BF384FD0020B66E /* ChildViewControllerDemo.app */ = {isa = PBXFileReference; explicitFileType = wrapper.application; includeInIndex = 0; path = ChildViewControllerDemo.app; sourceTree = BUILT_PRODUCTS_DIR; };
		55CEE3392BF384FD0020B66E /* AppDelegate.swift */ = {isa = PBXFileReference; lastKnownFileType = sourcecode.swift; path = AppDelegate.swift; sourceTree = "<group>"; };
		55CEE33B2BF384FD0020B66E /* SceneDelegate.swift */ = {isa = PBXFileReference; lastKnownFileType = sourcecode.swift; path = SceneDelegate.swift; sourceTree = "<group>"; };
		55CEE33D2BF384FD0020B66E /* ViewController.swift */ = {isa = PBXFileReference; lastKnownFileType = sourcecode.swift; path = ViewController.swift; sourceTree = "<group>"; };
		55CEE3402BF384FD0020B66E /* Base */ = {isa = PBXFileReference; lastKnownFileType = file.storyboard; name = Base; path = Base.lproj/Main.storyboard; sourceTree = "<group>"; };
		55CEE3422BF384FE0020B66E /* Assets.xcassets */ = {isa = PBXFileReference; lastKnownFileType = folder.assetcatalog; path = Assets.xcassets; sourceTree = "<group>"; };
		55CEE3452BF384FE0020B66E /* Base */ = {isa = PBXFileReference; lastKnownFileType = file.storyboard; name = Base; path = Base.lproj/LaunchScreen.storyboard; sourceTree = "<group>"; };
		55CEE3472BF384FE0020B66E /* Info.plist */ = {isa = PBXFileReference; lastKnownFileType = text.plist.xml; path = Info.plist; sourceTree = "<group>"; };
		55CEE34C2BF384FE0020B66E /* ChildViewControllerDemoTests.xctest */ = {isa = PBXFileReference; explicitFileType = wrapper.cfbundle; includeInIndex = 0; path = ChildViewControllerDemoTests.xctest; sourceTree = BUILT_PRODUCTS_DIR; };
		55CEE3502BF384FE0020B66E /* ChildViewControllerDemoTests.swift */ = {isa = PBXFileReference; lastKnownFileType = sourcecode.swift; path = ChildViewControllerDemoTests.swift; sourceTree = "<group>"; };
		55CEE3562BF384FE0020B66E /* ChildViewControllerDemoUITests.xctest */ = {isa = PBXFileReference; explicitFileType = wrapper.cfbundle; includeInIndex = 0; path = ChildViewControllerDemoUITests.xctest; sourceTree = BUILT_PRODUCTS_DIR; };
		55CEE35A2BF384FE0020B66E /* ChildViewControllerDemoUITests.swift */ = {isa = PBXFileReference; lastKnownFileType = sourcecode.swift; path = ChildViewControllerDemoUITests.swift; sourceTree = "<group>"; };
		55CEE35C2BF384FE0020B66E /* ChildViewControllerDemoUITestsLaunchTests.swift */ = {isa = PBXFileReference; lastKnownFileType = sourcecode.swift; path = ChildViewControllerDemoUITestsLaunchTests.swift; sourceTree = "<group>"; };
/* End PBXFileReference section */

/* Begin PBXFrameworksBuildPhase section */
		55CEE3332BF384FD0020B66E /* Frameworks */ = {
			isa = PBXFrameworksBuildPhase;
			buildActionMask = 2147483647;
			files = (
			);
			runOnlyForDeploymentPostprocessing = 0;
		};
		55CEE3492BF384FE0020B66E /* Frameworks */ = {
			isa = PBXFrameworksBuildPhase;
			buildActionMask = 2147483647;
			files = (
			);
			runOnlyForDeploymentPostprocessing = 0;
		};
		55CEE3532BF384FE0020B66E /* Frameworks */ = {
			isa = PBXFrameworksBuildPhase;
			buildActionMask = 2147483647;
			files = (
			);
			runOnlyForDeploymentPostprocessing = 0;
		};
/* End PBXFrameworksBuildPhase section */

/* Begin PBXGroup section */
		55CEE32D2BF384FD0020B66E = {
			isa = PBXGroup;
			children = (
				55CEE3382BF384FD0020B66E /* ChildViewControllerDemo */,
				55CEE34F2BF384FE0020B66E /* ChildViewControllerDemoTests */,
				55CEE3592BF384FE0020B66E /* ChildViewControllerDemoUITests */,
				55CEE3372BF384FD0020B66E /* Products */,
			);
			sourceTree = "<group>";
		};
		55CEE3372BF384FD0020B66E /* Products */ = {
			isa = PBXGroup;
			children = (
				55CEE3362BF384FD0020B66E /* ChildViewControllerDemo.app */,
				55CEE34C2BF384FE0020B66E /* ChildViewControllerDemoTests.xctest */,
				55CEE3562BF384FE0020B66E /* ChildViewControllerDemoUITests.xctest */,
			);
			name = Products;
			sourceTree = "<group>";
		};
		55CEE3382BF384FD0020B66E /* ChildViewControllerDemo */ = {
			isa = PBXGroup;
			children = (
				55CEE3392BF384FD0020B66E /* AppDelegate.swift */,
				55CEE33B2BF384FD0020B66E /* SceneDelegate.swift */,
				55CEE33D2BF384FD0020B66E /* ViewController.swift */,
				55CEE33F2BF384FD0020B66E /* Main.storyboard */,
				55CEE3422BF384FE0020B66E /* Assets.xcassets */,
				55CEE3442BF384FE0020B66E /* LaunchScreen.storyboard */,
				55CEE3472BF384FE0020B66E /* Info.plist */,
			);
			path = ChildViewControllerDemo;
			sourceTree = "<group>";
		};
		55CEE34F2BF384FE0020B66E /* ChildViewControllerDemoTests */ = {
			isa = PBXGroup;
			children = (
				55CEE3502BF384FE0020B66E /* ChildViewControllerDemoTests.swift */,
			);
			path = ChildViewControllerDemoTests;
			sourceTree = "<group>";
		};
		55CEE3592BF384FE0020B66E /* ChildViewControllerDemoUITests */ = {
			isa = PBXGroup;
			children = (
				55CEE35A2BF384FE0020B66E /* ChildViewControllerDemoUITests.swift */,
				55CEE35C2BF384FE0020B66E /* ChildViewControllerDemoUITestsLaunchTests.swift */,
			);
			path = ChildViewControllerDemoUITests;
			sourceTree = "<group>";
		};
/* End PBXGroup section */

/* Begin PBXNativeTarget section */
		55CEE3352BF384FD0020B66E /* ChildViewControllerDemo */ = {
			isa = PBXNativeTarget;
			buildConfigurationList = 55CEE3602BF384FE0020B66E /* Build configuration list for PBXNativeTarget "ChildViewControllerDemo" */;
			buildPhases = (
				55CEE3322BF384FD0020B66E /* Sources */,
				55CEE3332BF384FD0020B66E /* Frameworks */,
				55CEE3342BF384FD0020B66E /* Resources */,
			);
			buildRules = (
			);
			dependencies = (
			);
			name = ChildViewControllerDemo;
			productName = ChildViewControllerDemo;
			productReference = 55CEE3362BF384FD0020B66E /* ChildViewControllerDemo.app */;
			productType = "com.apple.product-type.application";
		};
		55CEE34B2BF384FE0020B66E /* ChildViewControllerDemoTests */ = {
			isa = PBXNativeTarget;
			buildConfigurationList = 55CEE3632BF384FE0020B66E /* Build configuration list for PBXNativeTarget "ChildViewControllerDemoTests" */;
			buildPhases = (
				55CEE3482BF384FE0020B66E /* Sources */,
				55CEE3492BF384FE0020B66E /* Frameworks */,
				55CEE34A2BF384FE0020B66E /* Resources */,
			);
			buildRules = (
			);
			dependencies = (
				55CEE34E2BF384FE0020B66E /* PBXTargetDependency */,
			);
			name = ChildViewControllerDemoTests;
			productName = ChildViewControllerDemoTests;
			productReference = 55CEE34C2BF384FE0020B66E /* ChildViewControllerDemoTests.xctest */;
			productType = "com.apple.product-type.bundle.unit-test";
		};
		55CEE3552BF384FE0020B66E /* ChildViewControllerDemoUITests */ = {
			isa = PBXNativeTarget;
			buildConfigurationList = 55CEE3662BF384FE0020B66E /* Build configuration list for PBXNativeTarget "ChildViewControllerDemoUITests" */;
			buildPhases = (
				55CEE3522BF384FE0020B66E /* Sources */,
				55CEE3532BF384FE0020B66E /* Frameworks */,
				55CEE3542BF384FE0020B66E /* Resources */,
			);
			buildRules = (
			);
			dependencies = (
				55CEE3582BF384FE0020B66E /* PBXTargetDependency */,
			);
			name = ChildViewControllerDemoUITests;
			productName = ChildViewControllerDemoUITests;
			productReference = 55CEE3562BF384FE0020B66E /* ChildViewControllerDemoUITests.xctest */;
			productType = "com.apple.product-type.bundle.ui-testing";
		};
/* End PBXNativeTarget section */

/* Begin PBXProject section */
		55CEE32E2BF384FD0020B66E /* Project object */ = {
			isa = PBXProject;
			attributes = {
				BuildIndependentTargetsInParallel = 1;
				LastSwiftUpdateCheck = 1520;
				LastUpgradeCheck = 1520;
				TargetAttributes = {
					55CEE3352BF384FD0020B66E = {
						CreatedOnToolsVersion = 15.2;
					};
					55CEE34B2BF384FE0020B66E = {
						CreatedOnToolsVersion = 15.2;
						TestTargetID = 55CEE3352BF384FD0020B66E;
					};
					55CEE3552BF384FE0020B66E = {
						CreatedOnToolsVersion = 15.2;
						TestTargetID = 55CEE3352BF384FD0020B66E;
					};
				};
			};
			buildConfigurationList = 55CEE3312BF384FD0020B66E /* Build configuration list for PBXProject "ChildViewControllerDemo" */;
			compatibilityVersion = "Xcode 14.0";
			developmentRegion = en;
			hasScannedForEncodings = 0;
			knownRegions = (
				en,
				Base,
			);
			mainGroup = 55CEE32D2BF384FD0020B66E;
			productRefGroup = 55CEE3372BF384FD0020B66E /* Products */;
			projectDirPath = "";
			projectRoot = "";
			targets = (
				55CEE3352BF384FD0020B66E /* ChildViewControllerDemo */,
				55CEE34B2BF384FE0020B66E /* ChildViewControllerDemoTests */,
				55CEE3552BF384FE0020B66E /* ChildViewControllerDemoUITests */,
			);
		};
/* End PBXProject section */

/* Begin PBXResourcesBuildPhase section */
		55CEE3342BF384FD0020B66E /* Resources */ = {
			isa = PBXResourcesBuildPhase;
			buildActionMask = 2147483647;
			files = (
				55CEE3462BF384FE0020B66E /* LaunchScreen.storyboard in Resources */,
				55CEE3432BF384FE0020B66E /* Assets.xcassets in Resources */,
				55CEE3412BF384FD0020B66E /* Main.storyboard in Resources */,
			);
			runOnlyForDeploymentPostprocessing = 0;
		};
		55CEE34A2BF384FE0020B66E /* Resources */ = {
			isa = PBXResourcesBuildPhase;
			buildActionMask = 2147483647;
			files = (
			);
			runOnlyForDeploymentPostprocessing = 0;
		};
		55CEE3542BF384FE0020B66E /* Resources */ = {
			isa = PBXResourcesBuildPhase;
			buildActionMask = 2147483647;
			files = (
			);
			runOnlyForDeploymentPostprocessing = 0;
		};
/* End PBXResourcesBuildPhase section */

/* Begin PBXSourcesBuildPhase section */
		55CEE3322BF384FD0020B66E /* Sources */ = {
			isa = PBXSourcesBuildPhase;
			buildActionMask = 2147483647;
			files = (
				55CEE33E2BF384FD0020B66E /* ViewController.swift in Sources */,
				55CEE33A2BF384FD0020B66E /* AppDelegate.swift in Sources */,
				55CEE33C2BF384FD0020B66E /* SceneDelegate.swift in Sources */,
			);
			runOnlyForDeploymentPostprocessing = 0;
		};
		55CEE3482BF384FE0020B66E /* Sources */ = {
			isa = PBXSourcesBuildPhase;
			buildActionMask = 2147483647;
			files = (
				55CEE3512BF384FE0020B66E /* ChildViewControllerDemoTests.swift in Sources */,
			);
			runOnlyForDeploymentPostprocessing = 0;
		};
		55CEE3522BF384FE0020B66E /* Sources */ = {
			isa = PBXSourcesBuildPhase;
			buildActionMask = 2147483647;
			files = (
				55CEE35B2BF384FE0020B66E /* ChildViewControllerDemoUITests.swift in Sources */,
				55CEE35D2BF384FE0020B66E /* ChildViewControllerDemoUITestsLaunchTests.swift in Sources */,
			);
			runOnlyForDeploymentPostprocessing = 0;
		};
/* End PBXSourcesBuildPhase section */

/* Begin PBXTargetDependency section */
		55CEE34E2BF384FE0020B66E /* PBXTargetDependency */ = {
			isa = PBXTargetDependency;
			target = 55CEE3352BF384FD0020B66E /* ChildViewControllerDemo */;
			targetProxy = 55CEE34D2BF384FE0020B66E /* PBXContainerItemProxy */;
		};
		55CEE3582BF384FE0020B66E /* PBXTargetDependency */ = {
			isa = PBXTargetDependency;
			target = 55CEE3352BF384FD0020B66E /* ChildViewControllerDemo */;
			targetProxy = 55CEE3572BF384FE0020B66E /* PBXContainerItemProxy */;
		};
/* End PBXTargetDependency section */

/* Begin PBXVariantGroup section */
		55CEE33F2BF384FD0020B66E /* Main.storyboard */ = {
			isa = PBXVariantGroup;
			children = (
				55CEE3402BF384FD0020B66E /* Base */,
			);
			name = Main.storyboard;
			sourceTree = "<group>";
		};
		55CEE3442BF384FE0020B66E /* LaunchScreen.storyboard */ = {
			isa = PBXVariantGroup;
			children = (
				55CEE3452BF384FE0020B66E /* Base */,
			);
			name = LaunchScreen.storyboard;
			sourceTree = "<group>";
		};
/* End PBXVariantGroup section */

/* Begin XCBuildConfiguration section */
		55CEE35E2BF384FE0020B66E /* Debug */ = {
			isa = XCBuildConfiguration;
			buildSettings = {
				ALWAYS_SEARCH_USER_PATHS = NO;
				ASSETCATALOG_COMPILER_GENERATE_SWIFT_ASSET_SYMBOL_EXTENSIONS = YES;
				CLANG_ANALYZER_NONNULL = YES;
				CLANG_ANALYZER_NUMBER_OBJECT_CONVERSION = YES_AGGRESSIVE;
				CLANG_CXX_LANGUAGE_STANDARD = "gnu++20";
				CLANG_ENABLE_MODULES = YES;
				CLANG_ENABLE_OBJC_ARC = YES;
				CLANG_ENABLE_OBJC_WEAK = YES;
				CLANG_WARN_BLOCK_CAPTURE_AUTORELEASING = YES;
				CLANG_WARN_BOOL_CONVERSION = YES;
				CLANG_WARN_COMMA = YES;
				CLANG_WARN_CONSTANT_CONVERSION = YES;
				CLANG_WARN_DEPRECATED_OBJC_IMPLEMENTATIONS = YES;
				CLANG_WARN_DIRECT_OBJC_ISA_USAGE = YES_ERROR;
				CLANG_WARN_DOCUMENTATION_COMMENTS = YES;
				CLANG_WARN_EMPTY_BODY = YES;
				CLANG_WARN_ENUM_CONVERSION = YES;
				CLANG_WARN_INFINITE_RECURSION = YES;
				CLANG_WARN_INT_CONVERSION = YES;
				CLANG_WARN_NON_LITERAL_NULL_CONVERSION = YES;
				CLANG_WARN_OBJC_IMPLICIT_RETAIN_SELF = YES;
				CLANG_WARN_OBJC_LITERAL_CONVERSION = YES;
				CLANG_WARN_OBJC_ROOT_CLASS = YES_ERROR;
				CLANG_WARN_QUOTED_INCLUDE_IN_FRAMEWORK_HEADER = YES;
				CLANG_WARN_RANGE_LOOP_ANALYSIS = YES;
				CLANG_WARN_STRICT_PROTOTYPES = YES;
				CLANG_WARN_SUSPICIOUS_MOVE = YES;
				CLANG_WARN_UNGUARDED_AVAILABILITY = YES_AGGRESSIVE;
				CLANG_WARN_UNREACHABLE_CODE = YES;
				CLANG_WARN__DUPLICATE_METHOD_MATCH = YES;
				COPY_PHASE_STRIP = NO;
				DEBUG_INFORMATION_FORMAT = dwarf;
				ENABLE_STRICT_OBJC_MSGSEND = YES;
				ENABLE_TESTABILITY = YES;
				ENABLE_USER_SCRIPT_SANDBOXING = YES;
				GCC_C_LANGUAGE_STANDARD = gnu17;
				GCC_DYNAMIC_NO_PIC = NO;
				GCC_NO_COMMON_BLOCKS = YES;
				GCC_OPTIMIZATION_LEVEL = 0;
				GCC_PREPROCESSOR_DEFINITIONS = (
					"DEBUG=1",
					"$(inherited)",
				);
				GCC_WARN_64_TO_32_BIT_CONVERSION = YES;
				GCC_WARN_ABOUT_RETURN_TYPE = YES_ERROR;
				GCC_WARN_UNDECLARED_SELECTOR = YES;
				GCC_WARN_UNINITIALIZED_AUTOS = YES_AGGRESSIVE;
				GCC_WARN_UNUSED_FUNCTION = YES;
				GCC_WARN_UNUSED_VARIABLE = YES;
				IPHONEOS_DEPLOYMENT_TARGET = 17.2;
				LOCALIZATION_PREFERS_STRING_CATALOGS = YES;
				MTL_ENABLE_DEBUG_INFO = INCLUDE_SOURCE;
				MTL_FAST_MATH = YES;
				ONLY_ACTIVE_ARCH = YES;
				SDKROOT = iphoneos;
				SWIFT_ACTIVE_COMPILATION_CONDITIONS = "DEBUG $(inherited)";
				SWIFT_OPTIMIZATION_LEVEL = "-Onone";
			};
			name = Debug;
		};
		55CEE35F2BF384FE0020B66E /* Release */ = {
			isa = XCBuildConfiguration;
			buildSettings = {
				ALWAYS_SEARCH_USER_PATHS = NO;
				ASSETCATALOG_COMPILER_GENERATE_SWIFT_ASSET_SYMBOL_EXTENSIONS = YES;
				CLANG_ANALYZER_NONNULL = YES;
				CLANG_ANALYZER_NUMBER_OBJECT_CONVERSION = YES_AGGRESSIVE;
				CLANG_CXX_LANGUAGE_STANDARD = "gnu++20";
				CLANG_ENABLE_MODULES = YES;
				CLANG_ENABLE_OBJC_ARC = YES;
				CLANG_ENABLE_OBJC_WEAK = YES;
				CLANG_WARN_BLOCK_CAPTURE_AUTORELEASING = YES;
				CLANG_WARN_BOOL_CONVERSION = YES;
				CLANG_WARN_COMMA = YES;
				CLANG_WARN_CONSTANT_CONVERSION = YES;
				CLANG_WARN_DEPRECATED_OBJC_IMPLEMENTATIONS = YES;
				CLANG_WARN_DIRECT_OBJC_ISA_USAGE = YES_ERROR;
				CLANG_WARN_DOCUMENTATION_COMMENTS = YES;
				CLANG_WARN_EMPTY_BODY = YES;
				CLANG_WARN_ENUM_CONVERSION = YES;
				CLANG_WARN_INFINITE_RECURSION = YES;
				CLANG_WARN_INT_CONVERSION = YES;
				CLANG_WARN_NON_LITERAL_NULL_CONVERSION = YES;
				CLANG_WARN_OBJC_IMPLICIT_RETAIN_SELF = YES;
				CLANG_WARN_OBJC_LITERAL_CONVERSION = YES;
				CLANG_WARN_OBJC_ROOT_CLASS = YES_ERROR;
				CLANG_WARN_QUOTED_INCLUDE_IN_FRAMEWORK_HEADER = YES;
				CLANG_WARN_RANGE_LOOP_ANALYSIS = YES;
				CLANG_WARN_STRICT_PROTOTYPES = YES;
				CLANG_WARN_SUSPICIOUS_MOVE = YES;
				CLANG_WARN_UNGUARDED_AVAILABILITY = YES_AGGRESSIVE;
				CLANG_WARN_UNREACHABLE_CODE = YES;
				CLANG_WARN__DUPLICATE_METHOD_MATCH = YES;
				COPY_PHASE_STRIP = NO;
				DEBUG_INFORMATION_FORMAT = "dwarf-with-dsym";
				ENABLE_NS_ASSERTIONS = NO;
				ENABLE_STRICT_OBJC_MSGSEND = YES;
				ENABLE_USER_SCRIPT_SANDBOXING = YES;
				GCC_C_LANGUAGE_STANDARD = gnu17;
				GCC_NO_COMMON_BLOCKS = YES;
				GCC_WARN_64_TO_32_BIT_CONVERSION = YES;
				GCC_WARN_ABOUT_RETURN_TYPE = YES_ERROR;
				GCC_WARN_UNDECLARED_SELECTOR = YES;
				GCC_WARN_UNINITIALIZED_AUTOS = YES_AGGRESSIVE;
				GCC_WARN_UNUSED_FUNCTION = YES;
				GCC_WARN_UNUSED_VARIABLE = YES;
				IPHONEOS_DEPLOYMENT_TARGET = 17.2;
				LOCALIZATION_PREFERS_STRING_CATALOGS = YES;
				MTL_ENABLE_DEBUG_INFO = NO;
				MTL_FAST_MATH = YES;
				SDKROOT = iphoneos;
				SWIFT_COMPILATION_MODE = wholemodule;
				VALIDATE_PRODUCT = YES;
			};
			name = Release;
		};
		55CEE3612BF384FE0020B66E /* Debug */ = {
			isa = XCBuildConfiguration;
			buildSettings = {
				ASSETCATALOG_COMPILER_APPICON_NAME = AppIcon;
				ASSETCATALOG_COMPILER_GLOBAL_ACCENT_COLOR_NAME = AccentColor;
				CODE_SIGN_STYLE = Automatic;
				CURRENT_PROJECT_VERSION = 1;
				GENERATE_INFOPLIST_FILE = YES;
				INFOPLIST_FILE = ChildViewControllerDemo/Info.plist;
				INFOPLIST_KEY_UIApplicationSupportsIndirectInputEvents = YES;
				INFOPLIST_KEY_UILaunchStoryboardName = LaunchScreen;
				INFOPLIST_KEY_UIMainStoryboardFile = Main;
				INFOPLIST_KEY_UISupportedInterfaceOrientations_iPad = "UIInterfaceOrientationPortrait UIInterfaceOrientationPortraitUpsideDown UIInterfaceOrientationLandscapeLeft UIInterfaceOrientationLandscapeRight";
				INFOPLIST_KEY_UISupportedInterfaceOrientations_iPhone = "UIInterfaceOrientationPortrait UIInterfaceOrientationLandscapeLeft UIInterfaceOrientationLandscapeRight";
				LD_RUNPATH_SEARCH_PATHS = (
					"$(inherited)",
					"@executable_path/Frameworks",
				);
				MARKETING_VERSION = 1.0;
				PRODUCT_BUNDLE_IDENTIFIER = com.personal.ChildViewControllerDemo;
				PRODUCT_NAME = "$(TARGET_NAME)";
				SWIFT_EMIT_LOC_STRINGS = YES;
				SWIFT_VERSION = 5.0;
				TARGETED_DEVICE_FAMILY = "1,2";
			};
			name = Debug;
		};
		55CEE3622BF384FE0020B66E /* Release */ = {
			isa = XCBuildConfiguration;
			buildSettings = {
				ASSETCATALOG_COMPILER_APPICON_NAME = AppIcon;
				ASSETCATALOG_COMPILER_GLOBAL_ACCENT_COLOR_NAME = AccentColor;
				CODE_SIGN_STYLE = Automatic;
				CURRENT_PROJECT_VERSION = 1;
				GENERATE_INFOPLIST_FILE = YES;
				INFOPLIST_FILE = ChildViewControllerDemo/Info.plist;
				INFOPLIST_KEY_UIApplicationSupportsIndirectInputEvents = YES;
				INFOPLIST_KEY_UILaunchStoryboardName = LaunchScreen;
				INFOPLIST_KEY_UIMainStoryboardFile = Main;
				INFOPLIST_KEY_UISupportedInterfaceOrientations_iPad = "UIInterfaceOrientationPortrait UIInterfaceOrientationPortraitUpsideDown UIInterfaceOrientationLandscapeLeft UIInterfaceOrientationLandscapeRight";
				INFOPLIST_KEY_UISupportedInterfaceOrientations_iPhone = "UIInterfaceOrientationPortrait UIInterfaceOrientationLandscapeLeft UIInterfaceOrientationLandscapeRight";
				LD_RUNPATH_SEARCH_PATHS = (
					"$(inherited)",
					"@executable_path/Frameworks",
				);
				MARKETING_VERSION = 1.0;
				PRODUCT_BUNDLE_IDENTIFIER = com.personal.ChildViewControllerDemo;
				PRODUCT_NAME = "$(TARGET_NAME)";
				SWIFT_EMIT_LOC_STRINGS = YES;
				SWIFT_VERSION = 5.0;
				TARGETED_DEVICE_FAMILY = "1,2";
			};
			name = Release;
		};
		55CEE3642BF384FE0020B66E /* Debug */ = {
			isa = XCBuildConfiguration;
			buildSettings = {
				ALWAYS_EMBED_SWIFT_STANDARD_LIBRARIES = YES;
				BUNDLE_LOADER = "$(TEST_HOST)";
				CODE_SIGN_STYLE = Automatic;
				CURRENT_PROJECT_VERSION = 1;
				GENERATE_INFOPLIST_FILE = YES;
				IPHONEOS_DEPLOYMENT_TARGET = 17.2;
				MARKETING_VERSION = 1.0;
				PRODUCT_BUNDLE_IDENTIFIER = com.personal.ChildViewControllerDemoTests;
				PRODUCT_NAME = "$(TARGET_NAME)";
				SWIFT_EMIT_LOC_STRINGS = NO;
				SWIFT_VERSION = 5.0;
				TARGETED_DEVICE_FAMILY = "1,2";
				TEST_HOST = "$(BUILT_PRODUCTS_DIR)/ChildViewControllerDemo.app/$(BUNDLE_EXECUTABLE_FOLDER_PATH)/ChildViewControllerDemo";
			};
			name = Debug;
		};
		55CEE3652BF384FE0020B66E /* Release */ = {
			isa = XCBuildConfiguration;
			buildSettings = {
				ALWAYS_EMBED_SWIFT_STANDARD_LIBRARIES = YES;
				BUNDLE_LOADER = "$(TEST_HOST)";
				CODE_SIGN_STYLE = Automatic;
				CURRENT_PROJECT_VERSION = 1;
				GENERATE_INFOPLIST_FILE = YES;
				IPHONEOS_DEPLOYMENT_TARGET = 17.2;
				MARKETING_VERSION = 1.0;
				PRODUCT_BUNDLE_IDENTIFIER = com.personal.ChildViewControllerDemoTests;
				PRODUCT_NAME = "$(TARGET_NAME)";
				SWIFT_EMIT_LOC_STRINGS = NO;
				SWIFT_VERSION = 5.0;
				TARGETED_DEVICE_FAMILY = "1,2";
				TEST_HOST = "$(BUILT_PRODUCTS_DIR)/ChildViewControllerDemo.app/$(BUNDLE_EXECUTABLE_FOLDER_PATH)/ChildViewControllerDemo";
			};
			name = Release;
		};
		55CEE3672BF384FE0020B66E /* Debug */ = {
			isa = XCBuildConfiguration;
			buildSettings = {
				ALWAYS_EMBED_SWIFT_STANDARD_LIBRARIES = YES;
				CODE_SIGN_STYLE = Automatic;
				CURRENT_PROJECT_VERSION = 1;
				GENERATE_INFOPLIST_FILE = YES;
				MARKETING_VERSION = 1.0;
				PRODUCT_BUNDLE_IDENTIFIER = com.personal.ChildViewControllerDemoUITests;
				PRODUCT_NAME = "$(TARGET_NAME)";
				SWIFT_EMIT_LOC_STRINGS = NO;
				SWIFT_VERSION = 5.0;
				TARGETED_DEVICE_FAMILY = "1,2";
				TEST_TARGET_NAME = ChildViewControllerDemo;
			};
			name = Debug;
		};
		55CEE3682BF384FE0020B66E /* Release */ = {
			isa = XCBuildConfiguration;
			buildSettings = {
				ALWAYS_EMBED_SWIFT_STANDARD_LIBRARIES = YES;
				CODE_SIGN_STYLE = Automatic;
				CURRENT_PROJECT_VERSION = 1;
				GENERATE_INFOPLIST_FILE = YES;
				MARKETING_VERSION = 1.0;
				PRODUCT_BUNDLE_IDENTIFIER = com.personal.ChildViewControllerDemoUITests;
				PRODUCT_NAME = "$(TARGET_NAME)";
				SWIFT_EMIT_LOC_STRINGS = NO;
				SWIFT_VERSION = 5.0;
				TARGETED_DEVICE_FAMILY = "1,2";
				TEST_TARGET_NAME = ChildViewControllerDemo;
			};
			name = Release;
		};
/* End XCBuildConfiguration section */

/* Begin XCConfigurationList section */
		55CEE3312BF384FD0020B66E /* Build configuration list for PBXProject "ChildViewControllerDemo" */ = {
			isa = XCConfigurationList;
			buildConfigurations = (
				55CEE35E2BF384FE0020B66E /* Debug */,
				55CEE35F2BF384FE0020B66E /* Release */,
			);
			defaultConfigurationIsVisible = 0;
			defaultConfigurationName = Release;
		};
		55CEE3602BF384FE0020B66E /* Build configuration list for PBXNativeTarget "ChildViewControllerDemo" */ = {
			isa = XCConfigurationList;
			buildConfigurations = (
				55CEE3612BF384FE0020B66E /* Debug */,
				55CEE3622BF384FE0020B66E /* Release */,
			);
			defaultConfigurationIsVisible = 0;
			defaultConfigurationName = Release;
		};
		55CEE3632BF384FE0020B66E /* Build configuration list for PBXNativeTarget "ChildViewControllerDemoTests" */ = {
			isa = XCConfigurationList;
			buildConfigurations = (
				55CEE3642BF384FE0020B66E /* Debug */,
				55CEE3652BF384FE0020B66E /* Release */,
			);
			defaultConfigurationIsVisible = 0;
			defaultConfigurationName = Release;
		};
		55CEE3662BF384FE0020B66E /* Build configuration list for PBXNativeTarget "ChildViewControllerDemoUITests" */ = {
			isa = XCConfigurationList;
			buildConfigurations = (
				55CEE3672BF384FE0020B66E /* Debug */,
				55CEE3682BF384FE0020B66E /* Release */,
			);
			defaultConfigurationIsVisible = 0;
			defaultConfigurationName = Release;
		};
/* End XCConfigurationList section */
	};
	rootObject = 55CEE32E2BF384FD0020B66E /* Project object */;
}
